
Microsoft Visual Studio Solution File, Format Version 12.00
# Visual Studio Version 16
VisualStudioVersion = 16.0.33130.400
MinimumVisualStudioVersion = 10.0.40219.1
Project("{8BC9CEB8-8B4A-11D0-8D11-00A0C91BC942}") = "TypeDefinitions", "TypeDefinitions\TypeDefinitions.vcxproj", "{DC730E48-2F10-4A0E-9DE3-EC1A7DEB7DA5}"
EndProject
Project("{8BC9CEB8-8B4A-11D0-8D11-00A0C91BC942}") = "Matrix", "Matrix\Matrix.vcxproj", "{626EF503-D899-4924-96D7-31B32B5290FE}"
EndProject
Project("{8BC9CEB8-8B4A-11D0-8D11-00A0C91BC942}") = "Differential", "Differential\Differential.vcxproj", "{0FF3DB33-277E-42C0-8A6F-74C039FFB160}"
EndProject
Project("{8BC9CEB8-8B4A-11D0-8D11-00A0C91BC942}") = "Function", "Function\Function.vcxproj", "{680F1751-DEDB-4608-B5C6-F499BD2B8C33}"
EndProject
Global
	GlobalSection(SolutionConfigurationPlatforms) = preSolution
		Debug|x64 = Debug|x64
		Debug|x86 = Debug|x86
		Release|x64 = Release|x64
		Release|x86 = Release|x86
	EndGlobalSection
	GlobalSection(ProjectConfigurationPlatforms) = postSolution
		{DC730E48-2F10-4A0E-9DE3-EC1A7DEB7DA5}.Debug|x64.ActiveCfg = Debug|x64
		{DC730E48-2F10-4A0E-9DE3-EC1A7DEB7DA5}.Debug|x64.Build.0 = Debug|x64
		{DC730E48-2F10-4A0E-9DE3-EC1A7DEB7DA5}.Debug|x86.ActiveCfg = Debug|Win32
		{DC730E48-2F10-4A0E-9DE3-EC1A7DEB7DA5}.Debug|x86.Build.0 = Debug|Win32
		{DC730E48-2F10-4A0E-9DE3-EC1A7DEB7DA5}.Release|x64.ActiveCfg = Release|x64
		{DC730E48-2F10-4A0E-9DE3-EC1A7DEB7DA5}.Release|x64.Build.0 = Release|x64
		{DC730E48-2F10-4A0E-9DE3-EC1A7DEB7DA5}.Release|x86.ActiveCfg = Release|Win32
		{DC730E48-2F10-4A0E-9DE3-EC1A7DEB7DA5}.Release|x86.Build.0 = Release|Win32
		{626EF503-D899-4924-96D7-31B32B5290FE}.Debug|x64.ActiveCfg = Debug|x64
		{626EF503-D899-4924-96D7-31B32B5290FE}.Debug|x64.Build.0 = Debug|x64
		{626EF503-D899-4924-96D7-31B32B5290FE}.Debug|x86.ActiveCfg = Debug|Win32
		{626EF503-D899-4924-96D7-31B32B5290FE}.Debug|x86.Build.0 = Debug|Win32
		{626EF503-D899-4924-96D7-31B32B5290FE}.Release|x64.ActiveCfg = Release|x64
		{626EF503-D899-4924-96D7-31B32B5290FE}.Release|x64.Build.0 = Release|x64
		{626EF503-D899-4924-96D7-31B32B5290FE}.Release|x86.ActiveCfg = Release|Win32
		{626EF503-D899-4924-96D7-31B32B5290FE}.Release|x86.Build.0 = Release|Win32
		{0FF3DB33-277E-42C0-8A6F-74C039FFB160}.Debug|x64.ActiveCfg = Debug|x64
		{0FF3DB33-277E-42C0-8A6F-74C039FFB160}.Debug|x64.Build.0 = Debug|x64
		{0FF3DB33-277E-42C0-8A6F-74C039FFB160}.Debug|x86.ActiveCfg = Debug|Win32
		{0FF3DB33-277E-42C0-8A6F-74C039FFB160}.Debug|x86.Build.0 = Debug|Win32
		{0FF3DB33-277E-42C0-8A6F-74C039FFB160}.Release|x64.ActiveCfg = Release|x64
		{0FF3DB33-277E-42C0-8A6F-74C039FFB160}.Release|x64.Build.0 = Release|x64
		{0FF3DB33-277E-42C0-8A6F-74C039FFB160}.Release|x86.ActiveCfg = Release|Win32
		{0FF3DB33-277E-42C0-8A6F-74C039FFB160}.Release|x86.Build.0 = Release|Win32
		{680F1751-DEDB-4608-B5C6-F499BD2B8C33}.Debug|x64.ActiveCfg = Debug|x64
		{680F1751-DEDB-4608-B5C6-F499BD2B8C33}.Debug|x64.Build.0 = Debug|x64
		{680F1751-DEDB-4608-B5C6-F499BD2B8C33}.Debug|x86.ActiveCfg = Debug|Win32
		{680F1751-DEDB-4608-B5C6-F499BD2B8C33}.Debug|x86.Build.0 = Debug|Win32
		{680F1751-DEDB-4608-B5C6-F499BD2B8C33}.Release|x64.ActiveCfg = Release|x64
		{680F1751-DEDB-4608-B5C6-F499BD2B8C33}.Release|x64.Build.0 = Release|x64
		{680F1751-DEDB-4608-B5C6-F499BD2B8C33}.Release|x86.ActiveCfg = Release|Win32
		{680F1751-DEDB-4608-B5C6-F499BD2B8C33}.Release|x86.Build.0 = Release|Win32
	EndGlobalSection
	GlobalSection(SolutionProperties) = preSolution
		HideSolutionNode = FALSE
	EndGlobalSection
	GlobalSection(ExtensibilityGlobals) = postSolution
		SolutionGuid = {BA97C2FE-9464-4560-AF00-0797067EAC4E}
	EndGlobalSection
EndGlobal
